
Microsoft Visual Studio Solution File, Format Version 12.00
# Visual Studio Version 17
VisualStudioVersion = 17.14.36511.14 d17.14
MinimumVisualStudioVersion = 10.0.40219.1
Project("{8BC9CEB8-8B4A-11D0-8D11-00A0C91BC942}") = "polskai_inversia", "polskai_inversia\polskai_inversia.vcxproj", "{49F1F623-E6E9-4D19-A35C-E6AC0496FF7E}"
EndProject
Global
	GlobalSection(SolutionConfigurationPlatforms) = preSolution
		Debug|x64 = Debug|x64
		Debug|x86 = Debug|x86
		Release|x64 = Release|x64
		Release|x86 = Release|x86
	EndGlobalSection
	GlobalSection(ProjectConfigurationPlatforms) = postSolution
		{49F1F623-E6E9-4D19-A35C-E6AC0496FF7E}.Debug|x64.ActiveCfg = Debug|x64
		{49F1F623-E6E9-4D19-A35C-E6AC0496FF7E}.Debug|x64.Build.0 = Debug|x64
		{49F1F623-E6E9-4D19-A35C-E6AC0496FF7E}.Debug|x86.ActiveCfg = Debug|Win32
		{49F1F623-E6E9-4D19-A35C-E6AC0496FF7E}.Debug|x86.Build.0 = Debug|Win32
		{49F1F623-E6E9-4D19-A35C-E6AC0496FF7E}.Release|x64.ActiveCfg = Release|x64
		{49F1F623-E6E9-4D19-A35C-E6AC0496FF7E}.Release|x64.Build.0 = Release|x64
		{49F1F623-E6E9-4D19-A35C-E6AC0496FF7E}.Release|x86.ActiveCfg = Release|Win32
		{49F1F623-E6E9-4D19-A35C-E6AC0496FF7E}.Release|x86.Build.0 = Release|Win32
	EndGlobalSection
	GlobalSection(SolutionProperties) = preSolution
		HideSolutionNode = FALSE
	EndGlobalSection
	GlobalSection(ExtensibilityGlobals) = postSolution
		SolutionGuid = {4BDD7ADF-C0CC-4554-A989-827C0006592D}
	EndGlobalSection
EndGlobal
